
Microsoft Visual Studio Solution File, Format Version 12.00
# Visual Studio 2017
Project("{FAE04EC0-301F-11D3-BF4B-00C04F79EFBC}") = "Lambdas", "Lambdas.csproj", "{9911BA72-68B3-4991-8094-E60AB250C02C}"
EndProject
Global
	GlobalSection(SolutionConfigurationPlatforms) = preSolution
		Debug|Any CPU = Debug|Any CPU
		Release|Any CPU = Release|Any CPU
	EndGlobalSection
	GlobalSection(ProjectConfigurationPlatforms) = postSolution
		{9911BA72-68B3-4991-8094-E60AB250C02C}.Debug|Any CPU.ActiveCfg = Debug|Any CPU
		{9911BA72-68B3-4991-8094-E60AB250C02C}.Debug|Any CPU.Build.0 = Debug|Any CPU
		{9911BA72-68B3-4991-8094-E60AB250C02C}.Release|Any CPU.ActiveCfg = Release|Any CPU
		{9911BA72-68B3-4991-8094-E60AB250C02C}.Release|Any CPU.Build.0 = Release|Any CPU
	EndGlobalSection
EndGlobal
