
Microsoft Visual Studio Solution File, Format Version 12.00
# Visual Studio 15
Project("{FAE04EC0-301F-11D3-BF4B-00C04F79EFBC}") = "SchoolLibrary", "SchoolLibrary\SchoolLibrary.csproj", "{DC3350FE-CD23-41C4-B457-86F4C4EFF6D8}"
EndProject
Project("{FAE04EC0-301F-11D3-BF4B-00C04F79EFBC}") = "ContosoPets", "TestEF\ContosoPets.csproj", "{943E5BB3-2754-4BBB-B568-A47F60129453}"
EndProject
Project("{9344BDBB-3E7F-41FC-A0DD-8665D75EE146}") = "SchoolFormApps", "SchoolFormApps\SchoolFormApps.csproj", "{FCF552AB-D877-4D51-9B53-4533C6EA8206}"
EndProject
Project("{9344BDBB-3E7F-41FC-A0DD-8665D75EE146}") = "SchoolFormsApp", "SchoolFormsApp\SchoolFormsApp.csproj", "{AAB7A2BF-832E-495E-865F-0B7D18656CE8}"
EndProject
Project("{FAE04EC0-301F-11D3-BF4B-00C04F79EFBC}") = "SchoolTestApp", "SchoolTestApp\SchoolTestApp.csproj", "{A90F0606-A726-4D5B-94CA-A5C9136BC1C7}"
EndProject
Global
	GlobalSection(SolutionConfigurationPlatforms) = preSolution
		Debug|Any CPU = Debug|Any CPU
		Release|Any CPU = Release|Any CPU
	EndGlobalSection
	GlobalSection(ProjectConfigurationPlatforms) = postSolution
		{DC3350FE-CD23-41C4-B457-86F4C4EFF6D8}.Debug|Any CPU.ActiveCfg = Debug|Any CPU
		{DC3350FE-CD23-41C4-B457-86F4C4EFF6D8}.Debug|Any CPU.Build.0 = Debug|Any CPU
		{DC3350FE-CD23-41C4-B457-86F4C4EFF6D8}.Release|Any CPU.ActiveCfg = Release|Any CPU
		{DC3350FE-CD23-41C4-B457-86F4C4EFF6D8}.Release|Any CPU.Build.0 = Release|Any CPU
		{943E5BB3-2754-4BBB-B568-A47F60129453}.Debug|Any CPU.ActiveCfg = Debug|Any CPU
		{943E5BB3-2754-4BBB-B568-A47F60129453}.Debug|Any CPU.Build.0 = Debug|Any CPU
		{943E5BB3-2754-4BBB-B568-A47F60129453}.Release|Any CPU.ActiveCfg = Release|Any CPU
		{943E5BB3-2754-4BBB-B568-A47F60129453}.Release|Any CPU.Build.0 = Release|Any CPU
		{FCF552AB-D877-4D51-9B53-4533C6EA8206}.Debug|Any CPU.ActiveCfg = Debug|Any CPU
		{FCF552AB-D877-4D51-9B53-4533C6EA8206}.Debug|Any CPU.Build.0 = Debug|Any CPU
		{FCF552AB-D877-4D51-9B53-4533C6EA8206}.Release|Any CPU.ActiveCfg = Release|Any CPU
		{FCF552AB-D877-4D51-9B53-4533C6EA8206}.Release|Any CPU.Build.0 = Release|Any CPU
		{AAB7A2BF-832E-495E-865F-0B7D18656CE8}.Debug|Any CPU.ActiveCfg = Debug|Any CPU
		{AAB7A2BF-832E-495E-865F-0B7D18656CE8}.Debug|Any CPU.Build.0 = Debug|Any CPU
		{AAB7A2BF-832E-495E-865F-0B7D18656CE8}.Release|Any CPU.ActiveCfg = Release|Any CPU
		{AAB7A2BF-832E-495E-865F-0B7D18656CE8}.Release|Any CPU.Build.0 = Release|Any CPU
		{A90F0606-A726-4D5B-94CA-A5C9136BC1C7}.Debug|Any CPU.ActiveCfg = Debug|Any CPU
		{A90F0606-A726-4D5B-94CA-A5C9136BC1C7}.Debug|Any CPU.Build.0 = Debug|Any CPU
		{A90F0606-A726-4D5B-94CA-A5C9136BC1C7}.Release|Any CPU.ActiveCfg = Release|Any CPU
		{A90F0606-A726-4D5B-94CA-A5C9136BC1C7}.Release|Any CPU.Build.0 = Release|Any CPU
	EndGlobalSection
EndGlobal
