
Microsoft Visual Studio Solution File, Format Version 12.00
# Visual Studio Version 16
VisualStudioVersion = 16.0.810.2
MinimumVisualStudioVersion = 10.0.40219.1
Project("{FAE04EC0-301F-11D3-BF4B-00C04F79EFBC}") = "EssentialTraining", "EssentialTraining\EssentialTraining.csproj", "{C1E1EAC5-E10D-43F1-A13A-F675A1FB7977}"
EndProject
Project("{FAE04EC0-301F-11D3-BF4B-00C04F79EFBC}") = "EssentialTrainingTests", "EssentialTrainingTests\EssentialTrainingTests.csproj", "{28FF5EBE-3A80-4FBA-95D2-F73CF35D30CA}"
EndProject
Project("{FAE04EC0-301F-11D3-BF4B-00C04F79EFBC}") = "EssentialTrainingApp", "EssentialTrainingApp\EssentialTrainingApp.csproj", "{581EEB21-4FF7-4EF6-BA6D-016B6157CB03}"
EndProject
Global
	GlobalSection(SolutionConfigurationPlatforms) = preSolution
		Debug|Any CPU = Debug|Any CPU
		Release|Any CPU = Release|Any CPU
	EndGlobalSection
	GlobalSection(ProjectConfigurationPlatforms) = postSolution
		{C1E1EAC5-E10D-43F1-A13A-F675A1FB7977}.Debug|Any CPU.ActiveCfg = Debug|Any CPU
		{C1E1EAC5-E10D-43F1-A13A-F675A1FB7977}.Debug|Any CPU.Build.0 = Debug|Any CPU
		{C1E1EAC5-E10D-43F1-A13A-F675A1FB7977}.Release|Any CPU.ActiveCfg = Release|Any CPU
		{C1E1EAC5-E10D-43F1-A13A-F675A1FB7977}.Release|Any CPU.Build.0 = Release|Any CPU
		{28FF5EBE-3A80-4FBA-95D2-F73CF35D30CA}.Debug|Any CPU.ActiveCfg = Debug|Any CPU
		{28FF5EBE-3A80-4FBA-95D2-F73CF35D30CA}.Debug|Any CPU.Build.0 = Debug|Any CPU
		{28FF5EBE-3A80-4FBA-95D2-F73CF35D30CA}.Release|Any CPU.ActiveCfg = Release|Any CPU
		{28FF5EBE-3A80-4FBA-95D2-F73CF35D30CA}.Release|Any CPU.Build.0 = Release|Any CPU
		{581EEB21-4FF7-4EF6-BA6D-016B6157CB03}.Debug|Any CPU.ActiveCfg = Debug|Any CPU
		{581EEB21-4FF7-4EF6-BA6D-016B6157CB03}.Debug|Any CPU.Build.0 = Debug|Any CPU
		{581EEB21-4FF7-4EF6-BA6D-016B6157CB03}.Release|Any CPU.ActiveCfg = Release|Any CPU
		{581EEB21-4FF7-4EF6-BA6D-016B6157CB03}.Release|Any CPU.Build.0 = Release|Any CPU
	EndGlobalSection
	GlobalSection(SolutionProperties) = preSolution
		HideSolutionNode = FALSE
	EndGlobalSection
	GlobalSection(ExtensibilityGlobals) = postSolution
		SolutionGuid = {969D6231-BC35-48EC-ABC4-796C183280D3}
	EndGlobalSection
EndGlobal
