
Microsoft Visual Studio Solution File, Format Version 12.00
# Visual Studio Version 17
VisualStudioVersion = 17.5.002.0
MinimumVisualStudioVersion = 10.0.40219.1
Project("{9A19103F-16F7-4668-BE54-9A1E7A4F7556}") = "hello_world", "hello_world.csproj", "{15AAA099-2AF1-4957-A98F-9D500B0860D4}"
EndProject
Global
	GlobalSection(SolutionConfigurationPlatforms) = preSolution
		Debug|Any CPU = Debug|Any CPU
		Release|Any CPU = Release|Any CPU
	EndGlobalSection
	GlobalSection(ProjectConfigurationPlatforms) = postSolution
		{15AAA099-2AF1-4957-A98F-9D500B0860D4}.Debug|Any CPU.ActiveCfg = Debug|Any CPU
		{15AAA099-2AF1-4957-A98F-9D500B0860D4}.Debug|Any CPU.Build.0 = Debug|Any CPU
		{15AAA099-2AF1-4957-A98F-9D500B0860D4}.Release|Any CPU.ActiveCfg = Release|Any CPU
		{15AAA099-2AF1-4957-A98F-9D500B0860D4}.Release|Any CPU.Build.0 = Release|Any CPU
	EndGlobalSection
	GlobalSection(SolutionProperties) = preSolution
		HideSolutionNode = FALSE
	EndGlobalSection
	GlobalSection(ExtensibilityGlobals) = postSolution
		SolutionGuid = {BD496E91-F88E-4C66-84E3-B2E214E39023}
	EndGlobalSection
EndGlobal
