
Microsoft Visual Studio Solution File, Format Version 12.00
# Visual Studio Version 16
VisualStudioVersion = 16.0.810.4
MinimumVisualStudioVersion = 10.0.40219.1
Project("{FAE04EC0-301F-11D3-BF4B-00C04F79EFBC}") = "SchoolTracker", "SchoolTracker\SchoolTracker.csproj", "{E6967182-8B63-4201-8808-17C14FE335FF}"
EndProject
Global
	GlobalSection(SolutionConfigurationPlatforms) = preSolution
		Debug|Any CPU = Debug|Any CPU
		Release|Any CPU = Release|Any CPU
	EndGlobalSection
	GlobalSection(ProjectConfigurationPlatforms) = postSolution
		{E6967182-8B63-4201-8808-17C14FE335FF}.Debug|Any CPU.ActiveCfg = Debug|Any CPU
		{E6967182-8B63-4201-8808-17C14FE335FF}.Debug|Any CPU.Build.0 = Debug|Any CPU
		{E6967182-8B63-4201-8808-17C14FE335FF}.Release|Any CPU.ActiveCfg = Release|Any CPU
		{E6967182-8B63-4201-8808-17C14FE335FF}.Release|Any CPU.Build.0 = Release|Any CPU
	EndGlobalSection
	GlobalSection(SolutionProperties) = preSolution
		HideSolutionNode = FALSE
	EndGlobalSection
	GlobalSection(ExtensibilityGlobals) = postSolution
		SolutionGuid = {0A51A245-5410-486B-BE1C-17CF7077BC5A}
	EndGlobalSection
EndGlobal
