
Microsoft Visual Studio Solution File, Format Version 12.00
# Visual Studio Version 16
VisualStudioVersion = 16.0.810.4
MinimumVisualStudioVersion = 10.0.40219.1
Project("{FAE04EC0-301F-11D3-BF4B-00C04F79EFBC}") = "GeometryTool", "GeometryTool\GeometryTool.csproj", "{CD2BED39-5BC0-4507-AB8D-58DA81E710BB}"
EndProject
Global
	GlobalSection(SolutionConfigurationPlatforms) = preSolution
		Debug|Any CPU = Debug|Any CPU
		Release|Any CPU = Release|Any CPU
	EndGlobalSection
	GlobalSection(ProjectConfigurationPlatforms) = postSolution
		{CD2BED39-5BC0-4507-AB8D-58DA81E710BB}.Debug|Any CPU.ActiveCfg = Debug|Any CPU
		{CD2BED39-5BC0-4507-AB8D-58DA81E710BB}.Debug|Any CPU.Build.0 = Debug|Any CPU
		{CD2BED39-5BC0-4507-AB8D-58DA81E710BB}.Release|Any CPU.ActiveCfg = Release|Any CPU
		{CD2BED39-5BC0-4507-AB8D-58DA81E710BB}.Release|Any CPU.Build.0 = Release|Any CPU
	EndGlobalSection
	GlobalSection(SolutionProperties) = preSolution
		HideSolutionNode = FALSE
	EndGlobalSection
	GlobalSection(ExtensibilityGlobals) = postSolution
		SolutionGuid = {26E27A40-1445-4048-B53A-1BB94FE51BF5}
	EndGlobalSection
EndGlobal
