
Microsoft Visual Studio Solution File, Format Version 12.00
# Visual Studio 2012
Project("{FAE04EC0-301F-11D3-BF4B-00C04F79EFBC}") = "Generics", "Generics\Generics.csproj", "{F798884D-A912-4949-B12C-7C4CBEFCE620}"
EndProject
Global
	GlobalSection(SolutionConfigurationPlatforms) = preSolution
		Debug|Any CPU = Debug|Any CPU
		Release|Any CPU = Release|Any CPU
	EndGlobalSection
	GlobalSection(ProjectConfigurationPlatforms) = postSolution
		{F798884D-A912-4949-B12C-7C4CBEFCE620}.Debug|Any CPU.ActiveCfg = Debug|Any CPU
		{F798884D-A912-4949-B12C-7C4CBEFCE620}.Debug|Any CPU.Build.0 = Debug|Any CPU
		{F798884D-A912-4949-B12C-7C4CBEFCE620}.Release|Any CPU.ActiveCfg = Release|Any CPU
		{F798884D-A912-4949-B12C-7C4CBEFCE620}.Release|Any CPU.Build.0 = Release|Any CPU
	EndGlobalSection
EndGlobal
